
Microsoft Visual Studio Solution File, Format Version 12.00
# Visual Studio Version 17
VisualStudioVersion = 17.14.36109.1
MinimumVisualStudioVersion = 10.0.40219.1
Project("{FAE04EC0-301F-11D3-BF4B-00C04F79EFBC}") = "FirstProject", "FirstProject\FirstProject.csproj", "{4AF618B6-3FE9-46CB-9403-B3286FF4919B}"
EndProject
Project("{FAE04EC0-301F-11D3-BF4B-00C04F79EFBC}") = "SecondProject", "SecondProject\SecondProject.csproj", "{C226064E-27E1-497C-B86C-A49CF995E071}"
EndProject
Project("{FAE04EC0-301F-11D3-BF4B-00C04F79EFBC}") = "FirstDegree", "FirstDegree\FirstDegree.csproj", "{D5889A67-D04C-4991-82C4-54B2439C4925}"
EndProject
Project("{FAE04EC0-301F-11D3-BF4B-00C04F79EFBC}") = "QuadraticEquation", "QuadraticEquation\QuadraticEquation.csproj", "{F949DB7C-63A6-444D-8441-1E5E85E212B3}"
EndProject
Project("{FAE04EC0-301F-11D3-BF4B-00C04F79EFBC}") = "StringInteraction", "StringInteraction\StringInteraction.csproj", "{04D3BBD4-9DD4-45B0-8C66-63B2784E0CFA}"
EndProject
Project("{FAE04EC0-301F-11D3-BF4B-00C04F79EFBC}") = "SimpleMath", "SimpleMath\SimpleMath.csproj", "{F1E3E4E4-0B5A-4948-9EFD-23603FEFA373}"
EndProject
Project("{FAE04EC0-301F-11D3-BF4B-00C04F79EFBC}") = "RefAndOutSample", "RefAndOutSample\RefAndOutSample.csproj", "{CAA540B8-1724-4DB5-99FA-4CC97357CABE}"
EndProject
Project("{FAE04EC0-301F-11D3-BF4B-00C04F79EFBC}") = "TryPasreSample", "TryPasreSample\TryPasreSample.csproj", "{F0452E53-AC3B-4C0F-9883-29E71872EDA7}"
EndProject
Project("{FAE04EC0-301F-11D3-BF4B-00C04F79EFBC}") = "paramSample", "paramSample\paramSample.csproj", "{8742E904-1E4D-4A2A-8250-746983EBC60A}"
EndProject
Project("{FAE04EC0-301F-11D3-BF4B-00C04F79EFBC}") = "TupleSample", "TupleSample\TupleSample.csproj", "{A851B292-242F-4060-95EF-A2BD4BA38783}"
EndProject
Project("{FAE04EC0-301F-11D3-BF4B-00C04F79EFBC}") = "NestedLoop_SapXep", "NestedLoop_SapXep\NestedLoop_SapXep.csproj", "{FB430B45-D7DB-46EA-8D63-DAE294A14A0B}"
EndProject
Project("{FAE04EC0-301F-11D3-BF4B-00C04F79EFBC}") = "NestedLoop_VeHinh", "NestedLoop_VeHinh\NestedLoop_VeHinh.csproj", "{D29C6772-DC34-4DC8-BE91-A1BAA527369D}"
EndProject
Project("{FAE04EC0-301F-11D3-BF4B-00C04F79EFBC}") = "OOP1", "OOP1\OOP1.csproj", "{06AFE45C-7708-4D1C-9D40-9F68912A6243}"
EndProject
Project("{FAE04EC0-301F-11D3-BF4B-00C04F79EFBC}") = "OOP2", "OOP2\OOP2.csproj", "{0066E17D-EF6C-4C84-86F0-C935BAB7EB51}"
EndProject
Project("{FAE04EC0-301F-11D3-BF4B-00C04F79EFBC}") = "OOP3_ExtensionMethod", "OOP3\OOP3_ExtensionMethod.csproj", "{AB1825FD-F8CF-4E1E-8487-D9424909BB57}"
EndProject
Project("{FAE04EC0-301F-11D3-BF4B-00C04F79EFBC}") = "OOP4_Reuser_OOP2", "OOP4_Reuser_OOP2\OOP4_Reuser_OOP2.csproj", "{0A4C06BF-17BE-495C-91C9-AA3DB32EF3F9}"
EndProject
Project("{FAE04EC0-301F-11D3-BF4B-00C04F79EFBC}") = "OOP5_Generic_List", "OOP5_Generic_List\OOP5_Generic_List.csproj", "{999CF689-3350-4A24-8B2C-A0608733D75D}"
EndProject
Project("{FAE04EC0-301F-11D3-BF4B-00C04F79EFBC}") = "OOP6_Dictionary", "OOP6_Dictionary\OOP6_Dictionary.csproj", "{E1085A6B-D103-4627-A730-807454DCFAC5}"
EndProject
Project("{2150E333-8FDC-42A3-9474-1A3956D46DE8}") = "Chapter5", "Chapter5", "{02EA681E-C7D8-13C7-8484-4AC65E1B71E8}"
EndProject
Project("{FAE04EC0-301F-11D3-BF4B-00C04F79EFBC}") = "BuilderPattern", "BuilderPattern\BuilderPattern.csproj", "{044DE341-433F-5702-4D82-2BB3FD3832E3}"
EndProject
Project("{FAE04EC0-301F-11D3-BF4B-00C04F79EFBC}") = "FactoriesPattern", "FactoriesPattern\FactoriesPattern.csproj", "{15ADFCBE-9B56-7B0A-7AE5-771D29B1F4C9}"
EndProject
Project("{FAE04EC0-301F-11D3-BF4B-00C04F79EFBC}") = "ObserverPattern", "ObserverPattern\ObserverPattern.csproj", "{FEBF851F-917B-C45E-D2B8-7873FE9FDB40}"
EndProject
Project("{FAE04EC0-301F-11D3-BF4B-00C04F79EFBC}") = "PrototypePattern", "PrototypePattern\PrototypePattern.csproj", "{92C92FD4-253A-352A-CA1D-8ACA5E5F3868}"
EndProject
Project("{FAE04EC0-301F-11D3-BF4B-00C04F79EFBC}") = "SingletonPattern", "SingletonPattern\SingletonPattern.csproj", "{FABC0CC8-7E79-3D9B-8D56-17C4207BB104}"
EndProject
Project("{FAE04EC0-301F-11D3-BF4B-00C04F79EFBC}") = "DemoAliasClone", "DemoAliasClone\DemoAliasClone.csproj", "{B93915D7-2FE8-49D1-AE4A-3DB6FBA3565A}"
EndProject
Project("{2150E333-8FDC-42A3-9474-1A3956D46DE8}") = "Chapter6", "Chapter6", "{BAFD73AA-5BC9-4A2A-88BE-C21E7B1402AF}"
EndProject
Project("{FAE04EC0-301F-11D3-BF4B-00C04F79EFBC}") = "DemoDelegate", "DemoDelegate\DemoDelegate.csproj", "{0AD86696-A450-4DDD-8F9C-895B6D8B4134}"
EndProject
Project("{FAE04EC0-301F-11D3-BF4B-00C04F79EFBC}") = "DemoLINQToObject", "DemoLINQToObject\DemoLINQToObject.csproj", "{2810464F-5399-4A4C-8CEB-C7A1BA4AD2B6}"
EndProject
Project("{FAE04EC0-301F-11D3-BF4B-00C04F79EFBC}") = "DemoLINQToObjectModelClass", "DemoLINQToObjectModelClass\DemoLINQToObjectModelClass.csproj", "{B2637301-7B4F-48D7-8AD9-442ECDE762D8}"
EndProject
Project("{FAE04EC0-301F-11D3-BF4B-00C04F79EFBC}") = "DemoLINQToSQL", "DemoLINQToSQL\DemoLINQToSQL.csproj", "{DC272152-62D2-4444-AAC9-AB371265F129}"
EndProject
Project("{FAE04EC0-301F-11D3-BF4B-00C04F79EFBC}") = "Lucy_SaleDataManagement", "Lucy_SaleDataManagement\Lucy_SaleDataManagement.csproj", "{67A16C88-4722-42F9-9D89-E1C3894C2C28}"
EndProject
Project("{FAE04EC0-301F-11D3-BF4B-00C04F79EFBC}") = "HelloWPSApp", "HelloWPSApp\HelloWPSApp.csproj", "{C19EC34B-7428-47E3-B963-DFA5DD053D02}"
EndProject
Project("{2150E333-8FDC-42A3-9474-1A3956D46DE8}") = "Chapter7", "Chapter7", "{1D9C1C8F-F3BF-4AD3-B2A6-53E3B2537F0B}"
EndProject
Project("{FAE04EC0-301F-11D3-BF4B-00C04F79EFBC}") = "BaiTap1", "BaiTap1\BaiTap1.csproj", "{3C49D9FA-3128-47BC-876A-3D416CF140BB}"
EndProject
Project("{FAE04EC0-301F-11D3-BF4B-00C04F79EFBC}") = "BaiTap2", "BaiTap2\BaiTap2.csproj", "{BDA0DF2A-DFF4-439F-AF46-0B93CD716458}"
EndProject
Global
	GlobalSection(SolutionConfigurationPlatforms) = preSolution
		Debug|Any CPU = Debug|Any CPU
		Release|Any CPU = Release|Any CPU
	EndGlobalSection
	GlobalSection(ProjectConfigurationPlatforms) = postSolution
		{4AF618B6-3FE9-46CB-9403-B3286FF4919B}.Debug|Any CPU.ActiveCfg = Debug|Any CPU
		{4AF618B6-3FE9-46CB-9403-B3286FF4919B}.Debug|Any CPU.Build.0 = Debug|Any CPU
		{4AF618B6-3FE9-46CB-9403-B3286FF4919B}.Release|Any CPU.ActiveCfg = Release|Any CPU
		{4AF618B6-3FE9-46CB-9403-B3286FF4919B}.Release|Any CPU.Build.0 = Release|Any CPU
		{C226064E-27E1-497C-B86C-A49CF995E071}.Debug|Any CPU.ActiveCfg = Debug|Any CPU
		{C226064E-27E1-497C-B86C-A49CF995E071}.Debug|Any CPU.Build.0 = Debug|Any CPU
		{C226064E-27E1-497C-B86C-A49CF995E071}.Release|Any CPU.ActiveCfg = Release|Any CPU
		{C226064E-27E1-497C-B86C-A49CF995E071}.Release|Any CPU.Build.0 = Release|Any CPU
		{D5889A67-D04C-4991-82C4-54B2439C4925}.Debug|Any CPU.ActiveCfg = Debug|Any CPU
		{D5889A67-D04C-4991-82C4-54B2439C4925}.Debug|Any CPU.Build.0 = Debug|Any CPU
		{D5889A67-D04C-4991-82C4-54B2439C4925}.Release|Any CPU.ActiveCfg = Release|Any CPU
		{D5889A67-D04C-4991-82C4-54B2439C4925}.Release|Any CPU.Build.0 = Release|Any CPU
		{F949DB7C-63A6-444D-8441-1E5E85E212B3}.Debug|Any CPU.ActiveCfg = Debug|Any CPU
		{F949DB7C-63A6-444D-8441-1E5E85E212B3}.Debug|Any CPU.Build.0 = Debug|Any CPU
		{F949DB7C-63A6-444D-8441-1E5E85E212B3}.Release|Any CPU.ActiveCfg = Release|Any CPU
		{F949DB7C-63A6-444D-8441-1E5E85E212B3}.Release|Any CPU.Build.0 = Release|Any CPU
		{04D3BBD4-9DD4-45B0-8C66-63B2784E0CFA}.Debug|Any CPU.ActiveCfg = Debug|Any CPU
		{04D3BBD4-9DD4-45B0-8C66-63B2784E0CFA}.Debug|Any CPU.Build.0 = Debug|Any CPU
		{04D3BBD4-9DD4-45B0-8C66-63B2784E0CFA}.Release|Any CPU.ActiveCfg = Release|Any CPU
		{04D3BBD4-9DD4-45B0-8C66-63B2784E0CFA}.Release|Any CPU.Build.0 = Release|Any CPU
		{F1E3E4E4-0B5A-4948-9EFD-23603FEFA373}.Debug|Any CPU.ActiveCfg = Debug|Any CPU
		{F1E3E4E4-0B5A-4948-9EFD-23603FEFA373}.Debug|Any CPU.Build.0 = Debug|Any CPU
		{F1E3E4E4-0B5A-4948-9EFD-23603FEFA373}.Release|Any CPU.ActiveCfg = Release|Any CPU
		{F1E3E4E4-0B5A-4948-9EFD-23603FEFA373}.Release|Any CPU.Build.0 = Release|Any CPU
		{CAA540B8-1724-4DB5-99FA-4CC97357CABE}.Debug|Any CPU.ActiveCfg = Debug|Any CPU
		{CAA540B8-1724-4DB5-99FA-4CC97357CABE}.Debug|Any CPU.Build.0 = Debug|Any CPU
		{CAA540B8-1724-4DB5-99FA-4CC97357CABE}.Release|Any CPU.ActiveCfg = Release|Any CPU
		{CAA540B8-1724-4DB5-99FA-4CC97357CABE}.Release|Any CPU.Build.0 = Release|Any CPU
		{F0452E53-AC3B-4C0F-9883-29E71872EDA7}.Debug|Any CPU.ActiveCfg = Debug|Any CPU
		{F0452E53-AC3B-4C0F-9883-29E71872EDA7}.Debug|Any CPU.Build.0 = Debug|Any CPU
		{F0452E53-AC3B-4C0F-9883-29E71872EDA7}.Release|Any CPU.ActiveCfg = Release|Any CPU
		{F0452E53-AC3B-4C0F-9883-29E71872EDA7}.Release|Any CPU.Build.0 = Release|Any CPU
		{8742E904-1E4D-4A2A-8250-746983EBC60A}.Debug|Any CPU.ActiveCfg = Debug|Any CPU
		{8742E904-1E4D-4A2A-8250-746983EBC60A}.Debug|Any CPU.Build.0 = Debug|Any CPU
		{8742E904-1E4D-4A2A-8250-746983EBC60A}.Release|Any CPU.ActiveCfg = Release|Any CPU
		{8742E904-1E4D-4A2A-8250-746983EBC60A}.Release|Any CPU.Build.0 = Release|Any CPU
		{A851B292-242F-4060-95EF-A2BD4BA38783}.Debug|Any CPU.ActiveCfg = Debug|Any CPU
		{A851B292-242F-4060-95EF-A2BD4BA38783}.Debug|Any CPU.Build.0 = Debug|Any CPU
		{A851B292-242F-4060-95EF-A2BD4BA38783}.Release|Any CPU.ActiveCfg = Release|Any CPU
		{A851B292-242F-4060-95EF-A2BD4BA38783}.Release|Any CPU.Build.0 = Release|Any CPU
		{FB430B45-D7DB-46EA-8D63-DAE294A14A0B}.Debug|Any CPU.ActiveCfg = Debug|Any CPU
		{FB430B45-D7DB-46EA-8D63-DAE294A14A0B}.Debug|Any CPU.Build.0 = Debug|Any CPU
		{FB430B45-D7DB-46EA-8D63-DAE294A14A0B}.Release|Any CPU.ActiveCfg = Release|Any CPU
		{FB430B45-D7DB-46EA-8D63-DAE294A14A0B}.Release|Any CPU.Build.0 = Release|Any CPU
		{D29C6772-DC34-4DC8-BE91-A1BAA527369D}.Debug|Any CPU.ActiveCfg = Debug|Any CPU
		{D29C6772-DC34-4DC8-BE91-A1BAA527369D}.Debug|Any CPU.Build.0 = Debug|Any CPU
		{D29C6772-DC34-4DC8-BE91-A1BAA527369D}.Release|Any CPU.ActiveCfg = Release|Any CPU
		{D29C6772-DC34-4DC8-BE91-A1BAA527369D}.Release|Any CPU.Build.0 = Release|Any CPU
		{06AFE45C-7708-4D1C-9D40-9F68912A6243}.Debug|Any CPU.ActiveCfg = Debug|Any CPU
		{06AFE45C-7708-4D1C-9D40-9F68912A6243}.Debug|Any CPU.Build.0 = Debug|Any CPU
		{06AFE45C-7708-4D1C-9D40-9F68912A6243}.Release|Any CPU.ActiveCfg = Release|Any CPU
		{06AFE45C-7708-4D1C-9D40-9F68912A6243}.Release|Any CPU.Build.0 = Release|Any CPU
		{0066E17D-EF6C-4C84-86F0-C935BAB7EB51}.Debug|Any CPU.ActiveCfg = Debug|Any CPU
		{0066E17D-EF6C-4C84-86F0-C935BAB7EB51}.Debug|Any CPU.Build.0 = Debug|Any CPU
		{0066E17D-EF6C-4C84-86F0-C935BAB7EB51}.Release|Any CPU.ActiveCfg = Release|Any CPU
		{0066E17D-EF6C-4C84-86F0-C935BAB7EB51}.Release|Any CPU.Build.0 = Release|Any CPU
		{AB1825FD-F8CF-4E1E-8487-D9424909BB57}.Debug|Any CPU.ActiveCfg = Debug|Any CPU
		{AB1825FD-F8CF-4E1E-8487-D9424909BB57}.Debug|Any CPU.Build.0 = Debug|Any CPU
		{AB1825FD-F8CF-4E1E-8487-D9424909BB57}.Release|Any CPU.ActiveCfg = Release|Any CPU
		{AB1825FD-F8CF-4E1E-8487-D9424909BB57}.Release|Any CPU.Build.0 = Release|Any CPU
		{0A4C06BF-17BE-495C-91C9-AA3DB32EF3F9}.Debug|Any CPU.ActiveCfg = Debug|Any CPU
		{0A4C06BF-17BE-495C-91C9-AA3DB32EF3F9}.Debug|Any CPU.Build.0 = Debug|Any CPU
		{0A4C06BF-17BE-495C-91C9-AA3DB32EF3F9}.Release|Any CPU.ActiveCfg = Release|Any CPU
		{0A4C06BF-17BE-495C-91C9-AA3DB32EF3F9}.Release|Any CPU.Build.0 = Release|Any CPU
		{999CF689-3350-4A24-8B2C-A0608733D75D}.Debug|Any CPU.ActiveCfg = Debug|Any CPU
		{999CF689-3350-4A24-8B2C-A0608733D75D}.Debug|Any CPU.Build.0 = Debug|Any CPU
		{999CF689-3350-4A24-8B2C-A0608733D75D}.Release|Any CPU.ActiveCfg = Release|Any CPU
		{999CF689-3350-4A24-8B2C-A0608733D75D}.Release|Any CPU.Build.0 = Release|Any CPU
		{E1085A6B-D103-4627-A730-807454DCFAC5}.Debug|Any CPU.ActiveCfg = Debug|Any CPU
		{E1085A6B-D103-4627-A730-807454DCFAC5}.Debug|Any CPU.Build.0 = Debug|Any CPU
		{E1085A6B-D103-4627-A730-807454DCFAC5}.Release|Any CPU.ActiveCfg = Release|Any CPU
		{E1085A6B-D103-4627-A730-807454DCFAC5}.Release|Any CPU.Build.0 = Release|Any CPU
		{044DE341-433F-5702-4D82-2BB3FD3832E3}.Debug|Any CPU.ActiveCfg = Debug|Any CPU
		{044DE341-433F-5702-4D82-2BB3FD3832E3}.Debug|Any CPU.Build.0 = Debug|Any CPU
		{044DE341-433F-5702-4D82-2BB3FD3832E3}.Release|Any CPU.ActiveCfg = Release|Any CPU
		{044DE341-433F-5702-4D82-2BB3FD3832E3}.Release|Any CPU.Build.0 = Release|Any CPU
		{15ADFCBE-9B56-7B0A-7AE5-771D29B1F4C9}.Debug|Any CPU.ActiveCfg = Debug|Any CPU
		{15ADFCBE-9B56-7B0A-7AE5-771D29B1F4C9}.Debug|Any CPU.Build.0 = Debug|Any CPU
		{15ADFCBE-9B56-7B0A-7AE5-771D29B1F4C9}.Release|Any CPU.ActiveCfg = Release|Any CPU
		{15ADFCBE-9B56-7B0A-7AE5-771D29B1F4C9}.Release|Any CPU.Build.0 = Release|Any CPU
		{FEBF851F-917B-C45E-D2B8-7873FE9FDB40}.Debug|Any CPU.ActiveCfg = Debug|Any CPU
		{FEBF851F-917B-C45E-D2B8-7873FE9FDB40}.Debug|Any CPU.Build.0 = Debug|Any CPU
		{FEBF851F-917B-C45E-D2B8-7873FE9FDB40}.Release|Any CPU.ActiveCfg = Release|Any CPU
		{FEBF851F-917B-C45E-D2B8-7873FE9FDB40}.Release|Any CPU.Build.0 = Release|Any CPU
		{92C92FD4-253A-352A-CA1D-8ACA5E5F3868}.Debug|Any CPU.ActiveCfg = Debug|Any CPU
		{92C92FD4-253A-352A-CA1D-8ACA5E5F3868}.Debug|Any CPU.Build.0 = Debug|Any CPU
		{92C92FD4-253A-352A-CA1D-8ACA5E5F3868}.Release|Any CPU.ActiveCfg = Release|Any CPU
		{92C92FD4-253A-352A-CA1D-8ACA5E5F3868}.Release|Any CPU.Build.0 = Release|Any CPU
		{FABC0CC8-7E79-3D9B-8D56-17C4207BB104}.Debug|Any CPU.ActiveCfg = Debug|Any CPU
		{FABC0CC8-7E79-3D9B-8D56-17C4207BB104}.Debug|Any CPU.Build.0 = Debug|Any CPU
		{FABC0CC8-7E79-3D9B-8D56-17C4207BB104}.Release|Any CPU.ActiveCfg = Release|Any CPU
		{FABC0CC8-7E79-3D9B-8D56-17C4207BB104}.Release|Any CPU.Build.0 = Release|Any CPU
		{B93915D7-2FE8-49D1-AE4A-3DB6FBA3565A}.Debug|Any CPU.ActiveCfg = Debug|Any CPU
		{B93915D7-2FE8-49D1-AE4A-3DB6FBA3565A}.Debug|Any CPU.Build.0 = Debug|Any CPU
		{B93915D7-2FE8-49D1-AE4A-3DB6FBA3565A}.Release|Any CPU.ActiveCfg = Release|Any CPU
		{B93915D7-2FE8-49D1-AE4A-3DB6FBA3565A}.Release|Any CPU.Build.0 = Release|Any CPU
		{0AD86696-A450-4DDD-8F9C-895B6D8B4134}.Debug|Any CPU.ActiveCfg = Debug|Any CPU
		{0AD86696-A450-4DDD-8F9C-895B6D8B4134}.Debug|Any CPU.Build.0 = Debug|Any CPU
		{0AD86696-A450-4DDD-8F9C-895B6D8B4134}.Release|Any CPU.ActiveCfg = Release|Any CPU
		{0AD86696-A450-4DDD-8F9C-895B6D8B4134}.Release|Any CPU.Build.0 = Release|Any CPU
		{2810464F-5399-4A4C-8CEB-C7A1BA4AD2B6}.Debug|Any CPU.ActiveCfg = Debug|Any CPU
		{2810464F-5399-4A4C-8CEB-C7A1BA4AD2B6}.Debug|Any CPU.Build.0 = Debug|Any CPU
		{2810464F-5399-4A4C-8CEB-C7A1BA4AD2B6}.Release|Any CPU.ActiveCfg = Release|Any CPU
		{2810464F-5399-4A4C-8CEB-C7A1BA4AD2B6}.Release|Any CPU.Build.0 = Release|Any CPU
		{B2637301-7B4F-48D7-8AD9-442ECDE762D8}.Debug|Any CPU.ActiveCfg = Debug|Any CPU
		{B2637301-7B4F-48D7-8AD9-442ECDE762D8}.Debug|Any CPU.Build.0 = Debug|Any CPU
		{B2637301-7B4F-48D7-8AD9-442ECDE762D8}.Release|Any CPU.ActiveCfg = Release|Any CPU
		{B2637301-7B4F-48D7-8AD9-442ECDE762D8}.Release|Any CPU.Build.0 = Release|Any CPU
		{DC272152-62D2-4444-AAC9-AB371265F129}.Debug|Any CPU.ActiveCfg = Debug|Any CPU
		{DC272152-62D2-4444-AAC9-AB371265F129}.Debug|Any CPU.Build.0 = Debug|Any CPU
		{DC272152-62D2-4444-AAC9-AB371265F129}.Release|Any CPU.ActiveCfg = Release|Any CPU
		{DC272152-62D2-4444-AAC9-AB371265F129}.Release|Any CPU.Build.0 = Release|Any CPU
		{67A16C88-4722-42F9-9D89-E1C3894C2C28}.Debug|Any CPU.ActiveCfg = Debug|Any CPU
		{67A16C88-4722-42F9-9D89-E1C3894C2C28}.Debug|Any CPU.Build.0 = Debug|Any CPU
		{67A16C88-4722-42F9-9D89-E1C3894C2C28}.Release|Any CPU.ActiveCfg = Release|Any CPU
		{67A16C88-4722-42F9-9D89-E1C3894C2C28}.Release|Any CPU.Build.0 = Release|Any CPU
		{C19EC34B-7428-47E3-B963-DFA5DD053D02}.Debug|Any CPU.ActiveCfg = Debug|Any CPU
		{C19EC34B-7428-47E3-B963-DFA5DD053D02}.Debug|Any CPU.Build.0 = Debug|Any CPU
		{C19EC34B-7428-47E3-B963-DFA5DD053D02}.Release|Any CPU.ActiveCfg = Release|Any CPU
		{C19EC34B-7428-47E3-B963-DFA5DD053D02}.Release|Any CPU.Build.0 = Release|Any CPU
		{3C49D9FA-3128-47BC-876A-3D416CF140BB}.Debug|Any CPU.ActiveCfg = Debug|Any CPU
		{3C49D9FA-3128-47BC-876A-3D416CF140BB}.Debug|Any CPU.Build.0 = Debug|Any CPU
		{3C49D9FA-3128-47BC-876A-3D416CF140BB}.Release|Any CPU.ActiveCfg = Release|Any CPU
		{3C49D9FA-3128-47BC-876A-3D416CF140BB}.Release|Any CPU.Build.0 = Release|Any CPU
		{BDA0DF2A-DFF4-439F-AF46-0B93CD716458}.Debug|Any CPU.ActiveCfg = Debug|Any CPU
		{BDA0DF2A-DFF4-439F-AF46-0B93CD716458}.Debug|Any CPU.Build.0 = Debug|Any CPU
		{BDA0DF2A-DFF4-439F-AF46-0B93CD716458}.Release|Any CPU.ActiveCfg = Release|Any CPU
		{BDA0DF2A-DFF4-439F-AF46-0B93CD716458}.Release|Any CPU.Build.0 = Release|Any CPU
	EndGlobalSection
	GlobalSection(SolutionProperties) = preSolution
		HideSolutionNode = FALSE
	EndGlobalSection
	GlobalSection(NestedProjects) = preSolution
		{044DE341-433F-5702-4D82-2BB3FD3832E3} = {02EA681E-C7D8-13C7-8484-4AC65E1B71E8}
		{15ADFCBE-9B56-7B0A-7AE5-771D29B1F4C9} = {02EA681E-C7D8-13C7-8484-4AC65E1B71E8}
		{FEBF851F-917B-C45E-D2B8-7873FE9FDB40} = {02EA681E-C7D8-13C7-8484-4AC65E1B71E8}
		{92C92FD4-253A-352A-CA1D-8ACA5E5F3868} = {02EA681E-C7D8-13C7-8484-4AC65E1B71E8}
		{FABC0CC8-7E79-3D9B-8D56-17C4207BB104} = {02EA681E-C7D8-13C7-8484-4AC65E1B71E8}
		{B93915D7-2FE8-49D1-AE4A-3DB6FBA3565A} = {02EA681E-C7D8-13C7-8484-4AC65E1B71E8}
		{0AD86696-A450-4DDD-8F9C-895B6D8B4134} = {BAFD73AA-5BC9-4A2A-88BE-C21E7B1402AF}
		{2810464F-5399-4A4C-8CEB-C7A1BA4AD2B6} = {BAFD73AA-5BC9-4A2A-88BE-C21E7B1402AF}
		{B2637301-7B4F-48D7-8AD9-442ECDE762D8} = {BAFD73AA-5BC9-4A2A-88BE-C21E7B1402AF}
		{DC272152-62D2-4444-AAC9-AB371265F129} = {BAFD73AA-5BC9-4A2A-88BE-C21E7B1402AF}
		{67A16C88-4722-42F9-9D89-E1C3894C2C28} = {BAFD73AA-5BC9-4A2A-88BE-C21E7B1402AF}
		{C19EC34B-7428-47E3-B963-DFA5DD053D02} = {1D9C1C8F-F3BF-4AD3-B2A6-53E3B2537F0B}
		{3C49D9FA-3128-47BC-876A-3D416CF140BB} = {1D9C1C8F-F3BF-4AD3-B2A6-53E3B2537F0B}
		{BDA0DF2A-DFF4-439F-AF46-0B93CD716458} = {1D9C1C8F-F3BF-4AD3-B2A6-53E3B2537F0B}
	EndGlobalSection
	GlobalSection(ExtensibilityGlobals) = postSolution
		SolutionGuid = {7CAECDBF-A841-47A4-BF6E-48BCCE2AF535}
	EndGlobalSection
EndGlobal
